// !$*UTF8*$!
{
	archiveVersion = 1;
	classes = {
	};
	objectVersion = 77;
	objects = {

/* Begin PBXBuildFile section */
		54349E0F2E7F7C1C007F20B1 /* GekoShared.framework in Frameworks */ = {isa = PBXBuildFile; fileRef = 54349E042E7F7C1C007F20B1 /* GekoShared.framework */; };
		54349E192E7F7C1C007F20B1 /* GekoShared.framework in Frameworks */ = {isa = PBXBuildFile; fileRef = 54349E042E7F7C1C007F20B1 /* GekoShared.framework */; };
		54349E1A2E7F7C1C007F20B1 /* GekoShared.framework in Embed Frameworks */ = {isa = PBXBuildFile; fileRef = 54349E042E7F7C1C007F20B1 /* GekoShared.framework */; settings = {ATTRIBUTES = (CodeSignOnCopy, RemoveHeadersOnCopy, ); }; };
		5436EFAB2E91C32F00A43D70 /* GekoShared.framework in Frameworks */ = {isa = PBXBuildFile; fileRef = 54349E042E7F7C1C007F20B1 /* GekoShared.framework */; };
		5436EFAC2E91C32F00A43D70 /* GekoShared.framework in Embed Frameworks */ = {isa = PBXBuildFile; fileRef = 54349E042E7F7C1C007F20B1 /* GekoShared.framework */; settings = {ATTRIBUTES = (CodeSignOnCopy, RemoveHeadersOnCopy, ); }; };
		546BE6EE2E7FC54B004732F5 /* GekoWatch.app in Embed Watch Content */ = {isa = PBXBuildFile; fileRef = 546BE6E42E7FC54A004732F5 /* GekoWatch.app */; settings = {ATTRIBUTES = (RemoveHeadersOnCopy, ); }; };
		54F65C232E7F8653001A17F7 /* WidgetKit.framework in Frameworks */ = {isa = PBXBuildFile; fileRef = 54F65C222E7F8653001A17F7 /* WidgetKit.framework */; };
		54F65C252E7F8653001A17F7 /* SwiftUI.framework in Frameworks */ = {isa = PBXBuildFile; fileRef = 54F65C242E7F8653001A17F7 /* SwiftUI.framework */; };
		54F65C362E7F8654001A17F7 /* GekoWidgets.appex in Embed Foundation Extensions */ = {isa = PBXBuildFile; fileRef = 54F65C202E7F8653001A17F7 /* GekoWidgets.appex */; settings = {ATTRIBUTES = (RemoveHeadersOnCopy, ); }; };
		54F65C812E7F8AB4001A17F7 /* GekoShared.framework in Frameworks */ = {isa = PBXBuildFile; fileRef = 54349E042E7F7C1C007F20B1 /* GekoShared.framework */; };
/* End PBXBuildFile section */

/* Begin PBXContainerItemProxy section */
		54292F662E7E505E00F25100 /* PBXContainerItemProxy */ = {
			isa = PBXContainerItemProxy;
			containerPortal = 54292F502E7E505D00F25100 /* Project object */;
			proxyType = 1;
			remoteGlobalIDString = 54292F572E7E505D00F25100;
			remoteInfo = Geko;
		};
		54292F702E7E505E00F25100 /* PBXContainerItemProxy */ = {
			isa = PBXContainerItemProxy;
			containerPortal = 54292F502E7E505D00F25100 /* Project object */;
			proxyType = 1;
			remoteGlobalIDString = 54292F572E7E505D00F25100;
			remoteInfo = Geko;
		};
		54349E102E7F7C1C007F20B1 /* PBXContainerItemProxy */ = {
			isa = PBXContainerItemProxy;
			containerPortal = 54292F502E7E505D00F25100 /* Project object */;
			proxyType = 1;
			remoteGlobalIDString = 54349E032E7F7C1C007F20B1;
			remoteInfo = GekoShared;
		};
		54349E122E7F7C1C007F20B1 /* PBXContainerItemProxy */ = {
			isa = PBXContainerItemProxy;
			containerPortal = 54292F502E7E505D00F25100 /* Project object */;
			proxyType = 1;
			remoteGlobalIDString = 54292F572E7E505D00F25100;
			remoteInfo = Geko;
		};
		54349E172E7F7C1C007F20B1 /* PBXContainerItemProxy */ = {
			isa = PBXContainerItemProxy;
			containerPortal = 54292F502E7E505D00F25100 /* Project object */;
			proxyType = 1;
			remoteGlobalIDString = 54349E032E7F7C1C007F20B1;
			remoteInfo = GekoShared;
		};
		546BE6F32E7FC5EA004732F5 /* PBXContainerItemProxy */ = {
			isa = PBXContainerItemProxy;
			containerPortal = 54292F502E7E505D00F25100 /* Project object */;
			proxyType = 1;
			remoteGlobalIDString = 54349E032E7F7C1C007F20B1;
			remoteInfo = GekoShared;
		};
		54F65C342E7F8654001A17F7 /* PBXContainerItemProxy */ = {
			isa = PBXContainerItemProxy;
			containerPortal = 54292F502E7E505D00F25100 /* Project object */;
			proxyType = 1;
			remoteGlobalIDString = 54F65C1F2E7F8653001A17F7;
			remoteInfo = GekoWidgetsExtension;
		};
		54F65C7F2E7F8AB3001A17F7 /* PBXContainerItemProxy */ = {
			isa = PBXContainerItemProxy;
			containerPortal = 54292F502E7E505D00F25100 /* Project object */;
			proxyType = 1;
			remoteGlobalIDString = 54349E032E7F7C1C007F20B1;
			remoteInfo = GekoShared;
		};
/* End PBXContainerItemProxy section */

/* Begin PBXCopyFilesBuildPhase section */
		54349E1B2E7F7C1C007F20B1 /* Embed Frameworks */ = {
			isa = PBXCopyFilesBuildPhase;
			buildActionMask = 2147483647;
			dstPath = "";
			dstSubfolderSpec = 10;
			files = (
				54349E1A2E7F7C1C007F20B1 /* GekoShared.framework in Embed Frameworks */,
			);
			name = "Embed Frameworks";
			runOnlyForDeploymentPostprocessing = 0;
		};
		5436EFAD2E91C32F00A43D70 /* Embed Frameworks */ = {
			isa = PBXCopyFilesBuildPhase;
			buildActionMask = 2147483647;
			dstPath = "";
			dstSubfolderSpec = 10;
			files = (
				5436EFAC2E91C32F00A43D70 /* GekoShared.framework in Embed Frameworks */,
			);
			name = "Embed Frameworks";
			runOnlyForDeploymentPostprocessing = 0;
		};
		546BE6F22E7FC54B004732F5 /* Embed Watch Content */ = {
			isa = PBXCopyFilesBuildPhase;
			buildActionMask = 2147483647;
			dstPath = "$(CONTENTS_FOLDER_PATH)/Watch";
			dstSubfolderSpec = 16;
			files = (
				546BE6EE2E7FC54B004732F5 /* GekoWatch.app in Embed Watch Content */,
			);
			name = "Embed Watch Content";
			runOnlyForDeploymentPostprocessing = 0;
		};
		54F65C372E7F8654001A17F7 /* Embed Foundation Extensions */ = {
			isa = PBXCopyFilesBuildPhase;
			buildActionMask = 2147483647;
			dstPath = "";
			dstSubfolderSpec = 13;
			files = (
				54F65C362E7F8654001A17F7 /* GekoWidgets.appex in Embed Foundation Extensions */,
			);
			name = "Embed Foundation Extensions";
			runOnlyForDeploymentPostprocessing = 0;
		};
/* End PBXCopyFilesBuildPhase section */

/* Begin PBXFileReference section */
		54292F582E7E505D00F25100 /* Geko.app */ = {isa = PBXFileReference; explicitFileType = wrapper.application; includeInIndex = 0; path = Geko.app; sourceTree = BUILT_PRODUCTS_DIR; };
		54292F652E7E505E00F25100 /* GekoTests.xctest */ = {isa = PBXFileReference; explicitFileType = wrapper.cfbundle; includeInIndex = 0; path = GekoTests.xctest; sourceTree = BUILT_PRODUCTS_DIR; };
		54292F6F2E7E505E00F25100 /* GekoUITests.xctest */ = {isa = PBXFileReference; explicitFileType = wrapper.cfbundle; includeInIndex = 0; path = GekoUITests.xctest; sourceTree = BUILT_PRODUCTS_DIR; };
		54349E042E7F7C1C007F20B1 /* GekoShared.framework */ = {isa = PBXFileReference; explicitFileType = wrapper.framework; includeInIndex = 0; path = GekoShared.framework; sourceTree = BUILT_PRODUCTS_DIR; };
		54349E0E2E7F7C1C007F20B1 /* GekoSharedTests.xctest */ = {isa = PBXFileReference; explicitFileType = wrapper.cfbundle; includeInIndex = 0; path = GekoSharedTests.xctest; sourceTree = BUILT_PRODUCTS_DIR; };
		546BE6E42E7FC54A004732F5 /* GekoWatch.app */ = {isa = PBXFileReference; explicitFileType = wrapper.application; includeInIndex = 0; path = GekoWatch.app; sourceTree = BUILT_PRODUCTS_DIR; };
		54F65C202E7F8653001A17F7 /* GekoWidgets.appex */ = {isa = PBXFileReference; explicitFileType = "wrapper.app-extension"; includeInIndex = 0; path = GekoWidgets.appex; sourceTree = BUILT_PRODUCTS_DIR; };
		54F65C222E7F8653001A17F7 /* WidgetKit.framework */ = {isa = PBXFileReference; lastKnownFileType = wrapper.framework; name = WidgetKit.framework; path = System/Library/Frameworks/WidgetKit.framework; sourceTree = SDKROOT; };
		54F65C242E7F8653001A17F7 /* SwiftUI.framework */ = {isa = PBXFileReference; lastKnownFileType = wrapper.framework; name = SwiftUI.framework; path = System/Library/Frameworks/SwiftUI.framework; sourceTree = SDKROOT; };
/* End PBXFileReference section */

/* Begin PBXFileSystemSynchronizedBuildFileExceptionSet section */
		5409DD5A2E91B60100770A36 /* Exceptions for "Geko" folder in "Geko" target */ = {
			isa = PBXFileSystemSynchronizedBuildFileExceptionSet;
			membershipExceptions = (
				Info.plist,
			);
			target = 54292F572E7E505D00F25100 /* Geko */;
		};
		5409DD5C2E91B62C00770A36 /* Exceptions for "GekoWatch" folder in "GekoWatch" target */ = {
			isa = PBXFileSystemSynchronizedBuildFileExceptionSet;
			membershipExceptions = (
				Info.plist,
			);
			target = 546BE6E32E7FC54A004732F5 /* GekoWatch */;
		};
		54C7B3952E7F8D7700F0653F /* Exceptions for "GekoWidgets" folder in "GekoWidgets" target */ = {
			isa = PBXFileSystemSynchronizedBuildFileExceptionSet;
			membershipExceptions = (
				Info.plist,
			);
			target = 54F65C1F2E7F8653001A17F7 /* GekoWidgets */;
		};
/* End PBXFileSystemSynchronizedBuildFileExceptionSet section */

/* Begin PBXFileSystemSynchronizedRootGroup section */
		54292F5A2E7E505D00F25100 /* Geko */ = {
			isa = PBXFileSystemSynchronizedRootGroup;
			exceptions = (
				5409DD5A2E91B60100770A36 /* Exceptions for "Geko" folder in "Geko" target */,
			);
			path = Geko;
			sourceTree = "<group>";
		};
		54292F682E7E505E00F25100 /* GekoTests */ = {
			isa = PBXFileSystemSynchronizedRootGroup;
			path = GekoTests;
			sourceTree = "<group>";
		};
		54292F722E7E505E00F25100 /* GekoUITests */ = {
			isa = PBXFileSystemSynchronizedRootGroup;
			path = GekoUITests;
			sourceTree = "<group>";
		};
		54349E052E7F7C1C007F20B1 /* GekoShared */ = {
			isa = PBXFileSystemSynchronizedRootGroup;
			path = GekoShared;
			sourceTree = "<group>";
		};
		546BE6E52E7FC54A004732F5 /* GekoWatch */ = {
			isa = PBXFileSystemSynchronizedRootGroup;
			exceptions = (
				5409DD5C2E91B62C00770A36 /* Exceptions for "GekoWatch" folder in "GekoWatch" target */,
			);
			path = GekoWatch;
			sourceTree = "<group>";
		};
		54F65C262E7F8653001A17F7 /* GekoWidgets */ = {
			isa = PBXFileSystemSynchronizedRootGroup;
			exceptions = (
				54C7B3952E7F8D7700F0653F /* Exceptions for "GekoWidgets" folder in "GekoWidgets" target */,
			);
			path = GekoWidgets;
			sourceTree = "<group>";
		};
/* End PBXFileSystemSynchronizedRootGroup section */

/* Begin PBXFrameworksBuildPhase section */
		54292F552E7E505D00F25100 /* Frameworks */ = {
			isa = PBXFrameworksBuildPhase;
			buildActionMask = 2147483647;
			files = (
				54349E192E7F7C1C007F20B1 /* GekoShared.framework in Frameworks */,
			);
			runOnlyForDeploymentPostprocessing = 0;
		};
		54292F622E7E505E00F25100 /* Frameworks */ = {
			isa = PBXFrameworksBuildPhase;
			buildActionMask = 2147483647;
			files = (
			);
			runOnlyForDeploymentPostprocessing = 0;
		};
		54292F6C2E7E505E00F25100 /* Frameworks */ = {
			isa = PBXFrameworksBuildPhase;
			buildActionMask = 2147483647;
			files = (
			);
			runOnlyForDeploymentPostprocessing = 0;
		};
		54349E012E7F7C1C007F20B1 /* Frameworks */ = {
			isa = PBXFrameworksBuildPhase;
			buildActionMask = 2147483647;
			files = (
			);
			runOnlyForDeploymentPostprocessing = 0;
		};
		54349E0B2E7F7C1C007F20B1 /* Frameworks */ = {
			isa = PBXFrameworksBuildPhase;
			buildActionMask = 2147483647;
			files = (
				54349E0F2E7F7C1C007F20B1 /* GekoShared.framework in Frameworks */,
			);
			runOnlyForDeploymentPostprocessing = 0;
		};
		546BE6E12E7FC54A004732F5 /* Frameworks */ = {
			isa = PBXFrameworksBuildPhase;
			buildActionMask = 2147483647;
			files = (
				5436EFAB2E91C32F00A43D70 /* GekoShared.framework in Frameworks */,
			);
			runOnlyForDeploymentPostprocessing = 0;
		};
		54F65C1D2E7F8653001A17F7 /* Frameworks */ = {
			isa = PBXFrameworksBuildPhase;
			buildActionMask = 2147483647;
			files = (
				54F65C252E7F8653001A17F7 /* SwiftUI.framework in Frameworks */,
				54F65C232E7F8653001A17F7 /* WidgetKit.framework in Frameworks */,
				54F65C812E7F8AB4001A17F7 /* GekoShared.framework in Frameworks */,
			);
			runOnlyForDeploymentPostprocessing = 0;
		};
/* End PBXFrameworksBuildPhase section */

/* Begin PBXGroup section */
		54292F4F2E7E505D00F25100 = {
			isa = PBXGroup;
			children = (
				54292F5A2E7E505D00F25100 /* Geko */,
				54292F682E7E505E00F25100 /* GekoTests */,
				54292F722E7E505E00F25100 /* GekoUITests */,
				54349E052E7F7C1C007F20B1 /* GekoShared */,
				54F65C262E7F8653001A17F7 /* GekoWidgets */,
				546BE6E52E7FC54A004732F5 /* GekoWatch */,
				54F65C212E7F8653001A17F7 /* Frameworks */,
				54292F592E7E505D00F25100 /* Products */,
			);
			sourceTree = "<group>";
		};
		54292F592E7E505D00F25100 /* Products */ = {
			isa = PBXGroup;
			children = (
				54292F582E7E505D00F25100 /* Geko.app */,
				54292F652E7E505E00F25100 /* GekoTests.xctest */,
				54292F6F2E7E505E00F25100 /* GekoUITests.xctest */,
				54349E042E7F7C1C007F20B1 /* GekoShared.framework */,
				54349E0E2E7F7C1C007F20B1 /* GekoSharedTests.xctest */,
				54F65C202E7F8653001A17F7 /* GekoWidgets.appex */,
				546BE6E42E7FC54A004732F5 /* GekoWatch.app */,
			);
			name = Products;
			sourceTree = "<group>";
		};
		54F65C212E7F8653001A17F7 /* Frameworks */ = {
			isa = PBXGroup;
			children = (
				54F65C222E7F8653001A17F7 /* WidgetKit.framework */,
				54F65C242E7F8653001A17F7 /* SwiftUI.framework */,
			);
			name = Frameworks;
			sourceTree = "<group>";
		};
/* End PBXGroup section */

/* Begin PBXHeadersBuildPhase section */
		54349DFF2E7F7C1C007F20B1 /* Headers */ = {
			isa = PBXHeadersBuildPhase;
			buildActionMask = 2147483647;
			files = (
			);
			runOnlyForDeploymentPostprocessing = 0;
		};
/* End PBXHeadersBuildPhase section */

/* Begin PBXNativeTarget section */
		54292F572E7E505D00F25100 /* Geko */ = {
			isa = PBXNativeTarget;
			buildConfigurationList = 54292F792E7E505E00F25100 /* Build configuration list for PBXNativeTarget "Geko" */;
			buildPhases = (
				54292F542E7E505D00F25100 /* Sources */,
				54292F552E7E505D00F25100 /* Frameworks */,
				54292F562E7E505D00F25100 /* Resources */,
				54349E1B2E7F7C1C007F20B1 /* Embed Frameworks */,
				54F65C372E7F8654001A17F7 /* Embed Foundation Extensions */,
				546BE6F22E7FC54B004732F5 /* Embed Watch Content */,
			);
			buildRules = (
			);
			dependencies = (
				54349E182E7F7C1C007F20B1 /* PBXTargetDependency */,
				54F65C352E7F8654001A17F7 /* PBXTargetDependency */,
			);
			fileSystemSynchronizedGroups = (
				54292F5A2E7E505D00F25100 /* Geko */,
			);
			name = Geko;
			packageProductDependencies = (
			);
			productName = Geko;
			productReference = 54292F582E7E505D00F25100 /* Geko.app */;
			productType = "com.apple.product-type.application";
		};
		54292F642E7E505E00F25100 /* GekoTests */ = {
			isa = PBXNativeTarget;
			buildConfigurationList = 54292F7C2E7E505E00F25100 /* Build configuration list for PBXNativeTarget "GekoTests" */;
			buildPhases = (
				54292F612E7E505E00F25100 /* Sources */,
				54292F622E7E505E00F25100 /* Frameworks */,
				54292F632E7E505E00F25100 /* Resources */,
			);
			buildRules = (
			);
			dependencies = (
				54292F672E7E505E00F25100 /* PBXTargetDependency */,
			);
			fileSystemSynchronizedGroups = (
				54292F682E7E505E00F25100 /* GekoTests */,
			);
			name = GekoTests;
			packageProductDependencies = (
			);
			productName = GekoTests;
			productReference = 54292F652E7E505E00F25100 /* GekoTests.xctest */;
			productType = "com.apple.product-type.bundle.unit-test";
		};
		54292F6E2E7E505E00F25100 /* GekoUITests */ = {
			isa = PBXNativeTarget;
			buildConfigurationList = 54292F7F2E7E505E00F25100 /* Build configuration list for PBXNativeTarget "GekoUITests" */;
			buildPhases = (
				54292F6B2E7E505E00F25100 /* Sources */,
				54292F6C2E7E505E00F25100 /* Frameworks */,
				54292F6D2E7E505E00F25100 /* Resources */,
			);
			buildRules = (
			);
			dependencies = (
				54292F712E7E505E00F25100 /* PBXTargetDependency */,
			);
			fileSystemSynchronizedGroups = (
				54292F722E7E505E00F25100 /* GekoUITests */,
			);
			name = GekoUITests;
			packageProductDependencies = (
			);
			productName = GekoUITests;
			productReference = 54292F6F2E7E505E00F25100 /* GekoUITests.xctest */;
			productType = "com.apple.product-type.bundle.ui-testing";
		};
		54349E032E7F7C1C007F20B1 /* GekoShared */ = {
			isa = PBXNativeTarget;
			buildConfigurationList = 54349E202E7F7C1C007F20B1 /* Build configuration list for PBXNativeTarget "GekoShared" */;
			buildPhases = (
				54349DFF2E7F7C1C007F20B1 /* Headers */,
				54349E002E7F7C1C007F20B1 /* Sources */,
				54349E012E7F7C1C007F20B1 /* Frameworks */,
				54349E022E7F7C1C007F20B1 /* Resources */,
			);
			buildRules = (
			);
			dependencies = (
			);
			fileSystemSynchronizedGroups = (
				54349E052E7F7C1C007F20B1 /* GekoShared */,
			);
			name = GekoShared;
			packageProductDependencies = (
			);
			productName = GekoShared;
			productReference = 54349E042E7F7C1C007F20B1 /* GekoShared.framework */;
			productType = "com.apple.product-type.framework";
		};
		54349E0D2E7F7C1C007F20B1 /* GekoSharedTests */ = {
			isa = PBXNativeTarget;
			buildConfigurationList = 54349E212E7F7C1C007F20B1 /* Build configuration list for PBXNativeTarget "GekoSharedTests" */;
			buildPhases = (
				54349E0A2E7F7C1C007F20B1 /* Sources */,
				54349E0B2E7F7C1C007F20B1 /* Frameworks */,
				54349E0C2E7F7C1C007F20B1 /* Resources */,
			);
			buildRules = (
			);
			dependencies = (
				54349E112E7F7C1C007F20B1 /* PBXTargetDependency */,
				54349E132E7F7C1C007F20B1 /* PBXTargetDependency */,
			);
			name = GekoSharedTests;
			packageProductDependencies = (
			);
			productName = GekoSharedTests;
			productReference = 54349E0E2E7F7C1C007F20B1 /* GekoSharedTests.xctest */;
			productType = "com.apple.product-type.bundle.unit-test";
		};
		546BE6E32E7FC54A004732F5 /* GekoWatch */ = {
			isa = PBXNativeTarget;
			buildConfigurationList = 546BE6EF2E7FC54B004732F5 /* Build configuration list for PBXNativeTarget "GekoWatch" */;
			buildPhases = (
				546BE6E02E7FC54A004732F5 /* Sources */,
				546BE6E12E7FC54A004732F5 /* Frameworks */,
				546BE6E22E7FC54A004732F5 /* Resources */,
				5436EFAD2E91C32F00A43D70 /* Embed Frameworks */,
			);
			buildRules = (
			);
			dependencies = (
				546BE6F42E7FC5EA004732F5 /* PBXTargetDependency */,
			);
			fileSystemSynchronizedGroups = (
				546BE6E52E7FC54A004732F5 /* GekoWatch */,
			);
			name = GekoWatch;
			packageProductDependencies = (
			);
			productName = GekoWatch;
			productReference = 546BE6E42E7FC54A004732F5 /* GekoWatch.app */;
			productType = "com.apple.product-type.application";
		};
		54F65C1F2E7F8653001A17F7 /* GekoWidgets */ = {
			isa = PBXNativeTarget;
			buildConfigurationList = 54F65C3B2E7F8654001A17F7 /* Build configuration list for PBXNativeTarget "GekoWidgets" */;
			buildPhases = (
				54F65C1C2E7F8653001A17F7 /* Sources */,
				54F65C1D2E7F8653001A17F7 /* Frameworks */,
				54F65C1E2E7F8653001A17F7 /* Resources */,
			);
			buildRules = (
			);
			dependencies = (
				54F65C802E7F8AB3001A17F7 /* PBXTargetDependency */,
			);
			fileSystemSynchronizedGroups = (
				54F65C262E7F8653001A17F7 /* GekoWidgets */,
			);
			name = GekoWidgets;
			packageProductDependencies = (
			);
			productName = GekoWidgetsExtension;
			productReference = 54F65C202E7F8653001A17F7 /* GekoWidgets.appex */;
			productType = "com.apple.product-type.app-extension";
		};
/* End PBXNativeTarget section */

/* Begin PBXProject section */
		54292F502E7E505D00F25100 /* Project object */ = {
			isa = PBXProject;
			attributes = {
				BuildIndependentTargetsInParallel = 1;
				LastSwiftUpdateCheck = 2600;
				LastUpgradeCheck = 2600;
				TargetAttributes = {
					54292F572E7E505D00F25100 = {
						CreatedOnToolsVersion = 26.0;
					};
					54292F642E7E505E00F25100 = {
						CreatedOnToolsVersion = 26.0;
						TestTargetID = 54292F572E7E505D00F25100;
					};
					54292F6E2E7E505E00F25100 = {
						CreatedOnToolsVersion = 26.0;
						TestTargetID = 54292F572E7E505D00F25100;
					};
					54349E032E7F7C1C007F20B1 = {
						CreatedOnToolsVersion = 26.0;
					};
					54349E0D2E7F7C1C007F20B1 = {
						CreatedOnToolsVersion = 26.0;
						TestTargetID = 54292F572E7E505D00F25100;
					};
					546BE6E32E7FC54A004732F5 = {
						CreatedOnToolsVersion = 26.0;
					};
					54F65C1F2E7F8653001A17F7 = {
						CreatedOnToolsVersion = 16.4;
					};
				};
			};
			buildConfigurationList = 54292F532E7E505D00F25100 /* Build configuration list for PBXProject "Geko" */;
			developmentRegion = en;
			hasScannedForEncodings = 0;
			knownRegions = (
				en,
				Base,
			);
			mainGroup = 54292F4F2E7E505D00F25100;
			minimizedProjectReferenceProxies = 1;
			preferredProjectObjectVersion = 77;
			productRefGroup = 54292F592E7E505D00F25100 /* Products */;
			projectDirPath = "";
			projectRoot = "";
			targets = (
				54292F572E7E505D00F25100 /* Geko */,
				54292F642E7E505E00F25100 /* GekoTests */,
				54292F6E2E7E505E00F25100 /* GekoUITests */,
				54349E032E7F7C1C007F20B1 /* GekoShared */,
				54349E0D2E7F7C1C007F20B1 /* GekoSharedTests */,
				54F65C1F2E7F8653001A17F7 /* GekoWidgets */,
				546BE6E32E7FC54A004732F5 /* GekoWatch */,
			);
		};
/* End PBXProject section */

/* Begin PBXResourcesBuildPhase section */
		54292F562E7E505D00F25100 /* Resources */ = {
			isa = PBXResourcesBuildPhase;
			buildActionMask = 2147483647;
			files = (
			);
			runOnlyForDeploymentPostprocessing = 0;
		};
		54292F632E7E505E00F25100 /* Resources */ = {
			isa = PBXResourcesBuildPhase;
			buildActionMask = 2147483647;
			files = (
			);
			runOnlyForDeploymentPostprocessing = 0;
		};
		54292F6D2E7E505E00F25100 /* Resources */ = {
			isa = PBXResourcesBuildPhase;
			buildActionMask = 2147483647;
			files = (
			);
			runOnlyForDeploymentPostprocessing = 0;
		};
		54349E022E7F7C1C007F20B1 /* Resources */ = {
			isa = PBXResourcesBuildPhase;
			buildActionMask = 2147483647;
			files = (
			);
			runOnlyForDeploymentPostprocessing = 0;
		};
		54349E0C2E7F7C1C007F20B1 /* Resources */ = {
			isa = PBXResourcesBuildPhase;
			buildActionMask = 2147483647;
			files = (
			);
			runOnlyForDeploymentPostprocessing = 0;
		};
		546BE6E22E7FC54A004732F5 /* Resources */ = {
			isa = PBXResourcesBuildPhase;
			buildActionMask = 2147483647;
			files = (
			);
			runOnlyForDeploymentPostprocessing = 0;
		};
		54F65C1E2E7F8653001A17F7 /* Resources */ = {
			isa = PBXResourcesBuildPhase;
			buildActionMask = 2147483647;
			files = (
			);
			runOnlyForDeploymentPostprocessing = 0;
		};
/* End PBXResourcesBuildPhase section */

/* Begin PBXSourcesBuildPhase section */
		54292F542E7E505D00F25100 /* Sources */ = {
			isa = PBXSourcesBuildPhase;
			buildActionMask = 2147483647;
			files = (
			);
			runOnlyForDeploymentPostprocessing = 0;
		};
		54292F612E7E505E00F25100 /* Sources */ = {
			isa = PBXSourcesBuildPhase;
			buildActionMask = 2147483647;
			files = (
			);
			runOnlyForDeploymentPostprocessing = 0;
		};
		54292F6B2E7E505E00F25100 /* Sources */ = {
			isa = PBXSourcesBuildPhase;
			buildActionMask = 2147483647;
			files = (
			);
			runOnlyForDeploymentPostprocessing = 0;
		};
		54349E002E7F7C1C007F20B1 /* Sources */ = {
			isa = PBXSourcesBuildPhase;
			buildActionMask = 2147483647;
			files = (
			);
			runOnlyForDeploymentPostprocessing = 0;
		};
		54349E0A2E7F7C1C007F20B1 /* Sources */ = {
			isa = PBXSourcesBuildPhase;
			buildActionMask = 2147483647;
			files = (
			);
			runOnlyForDeploymentPostprocessing = 0;
		};
		546BE6E02E7FC54A004732F5 /* Sources */ = {
			isa = PBXSourcesBuildPhase;
			buildActionMask = 2147483647;
			files = (
			);
			runOnlyForDeploymentPostprocessing = 0;
		};
		54F65C1C2E7F8653001A17F7 /* Sources */ = {
			isa = PBXSourcesBuildPhase;
			buildActionMask = 2147483647;
			files = (
			);
			runOnlyForDeploymentPostprocessing = 0;
		};
/* End PBXSourcesBuildPhase section */

/* Begin PBXTargetDependency section */
		54292F672E7E505E00F25100 /* PBXTargetDependency */ = {
			isa = PBXTargetDependency;
			target = 54292F572E7E505D00F25100 /* Geko */;
			targetProxy = 54292F662E7E505E00F25100 /* PBXContainerItemProxy */;
		};
		54292F712E7E505E00F25100 /* PBXTargetDependency */ = {
			isa = PBXTargetDependency;
			target = 54292F572E7E505D00F25100 /* Geko */;
			targetProxy = 54292F702E7E505E00F25100 /* PBXContainerItemProxy */;
		};
		54349E112E7F7C1C007F20B1 /* PBXTargetDependency */ = {
			isa = PBXTargetDependency;
			target = 54349E032E7F7C1C007F20B1 /* GekoShared */;
			targetProxy = 54349E102E7F7C1C007F20B1 /* PBXContainerItemProxy */;
		};
		54349E132E7F7C1C007F20B1 /* PBXTargetDependency */ = {
			isa = PBXTargetDependency;
			target = 54292F572E7E505D00F25100 /* Geko */;
			targetProxy = 54349E122E7F7C1C007F20B1 /* PBXContainerItemProxy */;
		};
		54349E182E7F7C1C007F20B1 /* PBXTargetDependency */ = {
			isa = PBXTargetDependency;
			target = 54349E032E7F7C1C007F20B1 /* GekoShared */;
			targetProxy = 54349E172E7F7C1C007F20B1 /* PBXContainerItemProxy */;
		};
		546BE6F42E7FC5EA004732F5 /* PBXTargetDependency */ = {
			isa = PBXTargetDependency;
			target = 54349E032E7F7C1C007F20B1 /* GekoShared */;
			targetProxy = 546BE6F32E7FC5EA004732F5 /* PBXContainerItemProxy */;
		};
		54F65C352E7F8654001A17F7 /* PBXTargetDependency */ = {
			isa = PBXTargetDependency;
			target = 54F65C1F2E7F8653001A17F7 /* GekoWidgets */;
			targetProxy = 54F65C342E7F8654001A17F7 /* PBXContainerItemProxy */;
		};
		54F65C802E7F8AB3001A17F7 /* PBXTargetDependency */ = {
			isa = PBXTargetDependency;
			target = 54349E032E7F7C1C007F20B1 /* GekoShared */;
			targetProxy = 54F65C7F2E7F8AB3001A17F7 /* PBXContainerItemProxy */;
		};
/* End PBXTargetDependency section */

/* Begin XCBuildConfiguration section */
		54292F772E7E505E00F25100 /* Debug */ = {
			isa = XCBuildConfiguration;
			buildSettings = {
				ALWAYS_SEARCH_USER_PATHS = NO;
				ASSETCATALOG_COMPILER_GENERATE_SWIFT_ASSET_SYMBOL_EXTENSIONS = YES;
				CLANG_ANALYZER_NONNULL = YES;
				CLANG_ANALYZER_NUMBER_OBJECT_CONVERSION = YES_AGGRESSIVE;
				CLANG_CXX_LANGUAGE_STANDARD = "gnu++20";
				CLANG_ENABLE_MODULES = YES;
				CLANG_ENABLE_OBJC_ARC = YES;
				CLANG_ENABLE_OBJC_WEAK = YES;
				CLANG_WARN_BLOCK_CAPTURE_AUTORELEASING = YES;
				CLANG_WARN_BOOL_CONVERSION = YES;
				CLANG_WARN_COMMA = YES;
				CLANG_WARN_CONSTANT_CONVERSION = YES;
				CLANG_WARN_DEPRECATED_OBJC_IMPLEMENTATIONS = YES;
				CLANG_WARN_DIRECT_OBJC_ISA_USAGE = YES_ERROR;
				CLANG_WARN_DOCUMENTATION_COMMENTS = YES;
				CLANG_WARN_EMPTY_BODY = YES;
				CLANG_WARN_ENUM_CONVERSION = YES;
				CLANG_WARN_INFINITE_RECURSION = YES;
				CLANG_WARN_INT_CONVERSION = YES;
				CLANG_WARN_NON_LITERAL_NULL_CONVERSION = YES;
				CLANG_WARN_OBJC_IMPLICIT_RETAIN_SELF = YES;
				CLANG_WARN_OBJC_LITERAL_CONVERSION = YES;
				CLANG_WARN_OBJC_ROOT_CLASS = YES_ERROR;
				CLANG_WARN_QUOTED_INCLUDE_IN_FRAMEWORK_HEADER = YES;
				CLANG_WARN_RANGE_LOOP_ANALYSIS = YES;
				CLANG_WARN_STRICT_PROTOTYPES = YES;
				CLANG_WARN_SUSPICIOUS_MOVE = YES;
				CLANG_WARN_UNGUARDED_AVAILABILITY = YES_AGGRESSIVE;
				CLANG_WARN_UNREACHABLE_CODE = YES;
				CLANG_WARN__DUPLICATE_METHOD_MATCH = YES;
				COPY_PHASE_STRIP = NO;
				DEBUG_INFORMATION_FORMAT = dwarf;
				DEVELOPMENT_TEAM = 8U59Y7S3S4;
				ENABLE_STRICT_OBJC_MSGSEND = YES;
				ENABLE_TESTABILITY = YES;
				ENABLE_USER_SCRIPT_SANDBOXING = YES;
				GCC_C_LANGUAGE_STANDARD = gnu17;
				GCC_DYNAMIC_NO_PIC = NO;
				GCC_NO_COMMON_BLOCKS = YES;
				GCC_OPTIMIZATION_LEVEL = 0;
				GCC_PREPROCESSOR_DEFINITIONS = (
					"DEBUG=1",
					"$(inherited)",
				);
				GCC_WARN_64_TO_32_BIT_CONVERSION = YES;
				GCC_WARN_ABOUT_RETURN_TYPE = YES_ERROR;
				GCC_WARN_UNDECLARED_SELECTOR = YES;
				GCC_WARN_UNINITIALIZED_AUTOS = YES_AGGRESSIVE;
				GCC_WARN_UNUSED_FUNCTION = YES;
				GCC_WARN_UNUSED_VARIABLE = YES;
				IPHONEOS_DEPLOYMENT_TARGET = 26.0;
				LOCALIZATION_PREFERS_STRING_CATALOGS = YES;
				MTL_ENABLE_DEBUG_INFO = INCLUDE_SOURCE;
				MTL_FAST_MATH = YES;
				ONLY_ACTIVE_ARCH = YES;
				SDKROOT = iphoneos;
				SWIFT_ACTIVE_COMPILATION_CONDITIONS = "DEBUG $(inherited)";
				SWIFT_OPTIMIZATION_LEVEL = "-Onone";
			};
			name = Debug;
		};
		54292F782E7E505E00F25100 /* Release */ = {
			isa = XCBuildConfiguration;
			buildSettings = {
				ALWAYS_SEARCH_USER_PATHS = NO;
				ASSETCATALOG_COMPILER_GENERATE_SWIFT_ASSET_SYMBOL_EXTENSIONS = YES;
				CLANG_ANALYZER_NONNULL = YES;
				CLANG_ANALYZER_NUMBER_OBJECT_CONVERSION = YES_AGGRESSIVE;
				CLANG_CXX_LANGUAGE_STANDARD = "gnu++20";
				CLANG_ENABLE_MODULES = YES;
				CLANG_ENABLE_OBJC_ARC = YES;
				CLANG_ENABLE_OBJC_WEAK = YES;
				CLANG_WARN_BLOCK_CAPTURE_AUTORELEASING = YES;
				CLANG_WARN_BOOL_CONVERSION = YES;
				CLANG_WARN_COMMA = YES;
				CLANG_WARN_CONSTANT_CONVERSION = YES;
				CLANG_WARN_DEPRECATED_OBJC_IMPLEMENTATIONS = YES;
				CLANG_WARN_DIRECT_OBJC_ISA_USAGE = YES_ERROR;
				CLANG_WARN_DOCUMENTATION_COMMENTS = YES;
				CLANG_WARN_EMPTY_BODY = YES;
				CLANG_WARN_ENUM_CONVERSION = YES;
				CLANG_WARN_INFINITE_RECURSION = YES;
				CLANG_WARN_INT_CONVERSION = YES;
				CLANG_WARN_NON_LITERAL_NULL_CONVERSION = YES;
				CLANG_WARN_OBJC_IMPLICIT_RETAIN_SELF = YES;
				CLANG_WARN_OBJC_LITERAL_CONVERSION = YES;
				CLANG_WARN_OBJC_ROOT_CLASS = YES_ERROR;
				CLANG_WARN_QUOTED_INCLUDE_IN_FRAMEWORK_HEADER = YES;
				CLANG_WARN_RANGE_LOOP_ANALYSIS = YES;
				CLANG_WARN_STRICT_PROTOTYPES = YES;
				CLANG_WARN_SUSPICIOUS_MOVE = YES;
				CLANG_WARN_UNGUARDED_AVAILABILITY = YES_AGGRESSIVE;
				CLANG_WARN_UNREACHABLE_CODE = YES;
				CLANG_WARN__DUPLICATE_METHOD_MATCH = YES;
				COPY_PHASE_STRIP = NO;
				DEBUG_INFORMATION_FORMAT = "dwarf-with-dsym";
				DEVELOPMENT_TEAM = 8U59Y7S3S4;
				ENABLE_NS_ASSERTIONS = NO;
				ENABLE_STRICT_OBJC_MSGSEND = YES;
				ENABLE_USER_SCRIPT_SANDBOXING = YES;
				GCC_C_LANGUAGE_STANDARD = gnu17;
				GCC_NO_COMMON_BLOCKS = YES;
				GCC_WARN_64_TO_32_BIT_CONVERSION = YES;
				GCC_WARN_ABOUT_RETURN_TYPE = YES_ERROR;
				GCC_WARN_UNDECLARED_SELECTOR = YES;
				GCC_WARN_UNINITIALIZED_AUTOS = YES_AGGRESSIVE;
				GCC_WARN_UNUSED_FUNCTION = YES;
				GCC_WARN_UNUSED_VARIABLE = YES;
				IPHONEOS_DEPLOYMENT_TARGET = 26.0;
				LOCALIZATION_PREFERS_STRING_CATALOGS = YES;
				MTL_ENABLE_DEBUG_INFO = NO;
				MTL_FAST_MATH = YES;
				SDKROOT = iphoneos;
				SWIFT_COMPILATION_MODE = wholemodule;
				VALIDATE_PRODUCT = YES;
			};
			name = Release;
		};
		54292F7A2E7E505E00F25100 /* Debug */ = {
			isa = XCBuildConfiguration;
			buildSettings = {
				ASSETCATALOG_COMPILER_APPICON_NAME = AppIcon;
				ASSETCATALOG_COMPILER_GLOBAL_ACCENT_COLOR_NAME = AccentColor;
				CODE_SIGN_ENTITLEMENTS = Geko/Geko.entitlements;
				CODE_SIGN_STYLE = Automatic;
				CURRENT_PROJECT_VERSION = 1;
				DEVELOPMENT_TEAM = 8U59Y7S3S4;
				ENABLE_PREVIEWS = YES;
				FRAMEWORK_SEARCH_PATHS = "$(BUILT_PRODUCTS_DIR)";
				GENERATE_INFOPLIST_FILE = YES;
				INFOPLIST_FILE = Geko/Info.plist;
				INFOPLIST_KEY_LSApplicationCategoryType = "public.app-category.lifestyle";
				INFOPLIST_KEY_UIApplicationSceneManifest_Generation = YES;
				INFOPLIST_KEY_UIApplicationSupportsIndirectInputEvents = YES;
				INFOPLIST_KEY_UIBackgroundModes = "remote-notification";
				INFOPLIST_KEY_UILaunchScreen_Generation = YES;
				INFOPLIST_KEY_UISupportedInterfaceOrientations_iPad = "UIInterfaceOrientationPortrait UIInterfaceOrientationPortraitUpsideDown UIInterfaceOrientationLandscapeLeft UIInterfaceOrientationLandscapeRight";
				INFOPLIST_KEY_UISupportedInterfaceOrientations_iPhone = "UIInterfaceOrientationPortrait UIInterfaceOrientationLandscapeLeft UIInterfaceOrientationLandscapeRight";
				IPHONEOS_DEPLOYMENT_TARGET = 18.0;
				LD_RUNPATH_SEARCH_PATHS = (
					"$(inherited)",
					"@executable_path/Frameworks",
				);
				MARKETING_VERSION = 1.0;
				PRODUCT_BUNDLE_IDENTIFIER = com.littlepangolin.Geko;
				PRODUCT_NAME = "$(TARGET_NAME)";
				STRING_CATALOG_GENERATE_SYMBOLS = YES;
				SWIFT_APPROACHABLE_CONCURRENCY = YES;
				SWIFT_DEFAULT_ACTOR_ISOLATION = MainActor;
				SWIFT_EMIT_LOC_STRINGS = YES;
				SWIFT_UPCOMING_FEATURE_MEMBER_IMPORT_VISIBILITY = YES;
				SWIFT_VERSION = 5.0;
				TARGETED_DEVICE_FAMILY = "1,2";
			};
			name = Debug;
		};
		54292F7B2E7E505E00F25100 /* Release */ = {
			isa = XCBuildConfiguration;
			buildSettings = {
				ASSETCATALOG_COMPILER_APPICON_NAME = AppIcon;
				ASSETCATALOG_COMPILER_GLOBAL_ACCENT_COLOR_NAME = AccentColor;
				CODE_SIGN_ENTITLEMENTS = Geko/Geko.entitlements;
				CODE_SIGN_STYLE = Automatic;
				CURRENT_PROJECT_VERSION = 1;
				DEVELOPMENT_TEAM = 8U59Y7S3S4;
				ENABLE_PREVIEWS = YES;
				FRAMEWORK_SEARCH_PATHS = "$(BUILT_PRODUCTS_DIR)";
				GENERATE_INFOPLIST_FILE = YES;
				INFOPLIST_FILE = Geko/Info.plist;
				INFOPLIST_KEY_LSApplicationCategoryType = "public.app-category.lifestyle";
				INFOPLIST_KEY_UIApplicationSceneManifest_Generation = YES;
				INFOPLIST_KEY_UIApplicationSupportsIndirectInputEvents = YES;
				INFOPLIST_KEY_UIBackgroundModes = "remote-notification";
				INFOPLIST_KEY_UILaunchScreen_Generation = YES;
				INFOPLIST_KEY_UISupportedInterfaceOrientations_iPad = "UIInterfaceOrientationPortrait UIInterfaceOrientationPortraitUpsideDown UIInterfaceOrientationLandscapeLeft UIInterfaceOrientationLandscapeRight";
				INFOPLIST_KEY_UISupportedInterfaceOrientations_iPhone = "UIInterfaceOrientationPortrait UIInterfaceOrientationLandscapeLeft UIInterfaceOrientationLandscapeRight";
				IPHONEOS_DEPLOYMENT_TARGET = 18.0;
				LD_RUNPATH_SEARCH_PATHS = (
					"$(inherited)",
					"@executable_path/Frameworks",
				);
				MARKETING_VERSION = 1.0;
				PRODUCT_BUNDLE_IDENTIFIER = com.littlepangolin.Geko;
				PRODUCT_NAME = "$(TARGET_NAME)";
				STRING_CATALOG_GENERATE_SYMBOLS = YES;
				SWIFT_APPROACHABLE_CONCURRENCY = YES;
				SWIFT_DEFAULT_ACTOR_ISOLATION = MainActor;
				SWIFT_EMIT_LOC_STRINGS = YES;
				SWIFT_UPCOMING_FEATURE_MEMBER_IMPORT_VISIBILITY = YES;
				SWIFT_VERSION = 5.0;
				TARGETED_DEVICE_FAMILY = "1,2";
			};
			name = Release;
		};
		54292F7D2E7E505E00F25100 /* Debug */ = {
			isa = XCBuildConfiguration;
			buildSettings = {
				BUNDLE_LOADER = "$(TEST_HOST)";
				CODE_SIGN_STYLE = Automatic;
				CURRENT_PROJECT_VERSION = 1;
				DEVELOPMENT_TEAM = 8U59Y7S3S4;
				GENERATE_INFOPLIST_FILE = YES;
				IPHONEOS_DEPLOYMENT_TARGET = 26.0;
				MARKETING_VERSION = 1.0;
				PRODUCT_BUNDLE_IDENTIFIER = com.littlepangolin.GekoTests;
				PRODUCT_NAME = "$(TARGET_NAME)";
				STRING_CATALOG_GENERATE_SYMBOLS = NO;
				SWIFT_APPROACHABLE_CONCURRENCY = YES;
				SWIFT_EMIT_LOC_STRINGS = NO;
				SWIFT_UPCOMING_FEATURE_MEMBER_IMPORT_VISIBILITY = YES;
				SWIFT_VERSION = 5.0;
				TARGETED_DEVICE_FAMILY = "1,2";
				TEST_HOST = "$(BUILT_PRODUCTS_DIR)/Geko.app/$(BUNDLE_EXECUTABLE_FOLDER_PATH)/Geko";
			};
			name = Debug;
		};
		54292F7E2E7E505E00F25100 /* Release */ = {
			isa = XCBuildConfiguration;
			buildSettings = {
				BUNDLE_LOADER = "$(TEST_HOST)";
				CODE_SIGN_STYLE = Automatic;
				CURRENT_PROJECT_VERSION = 1;
				DEVELOPMENT_TEAM = 8U59Y7S3S4;
				GENERATE_INFOPLIST_FILE = YES;
				IPHONEOS_DEPLOYMENT_TARGET = 26.0;
				MARKETING_VERSION = 1.0;
				PRODUCT_BUNDLE_IDENTIFIER = com.littlepangolin.GekoTests;
				PRODUCT_NAME = "$(TARGET_NAME)";
				STRING_CATALOG_GENERATE_SYMBOLS = NO;
				SWIFT_APPROACHABLE_CONCURRENCY = YES;
				SWIFT_EMIT_LOC_STRINGS = NO;
				SWIFT_UPCOMING_FEATURE_MEMBER_IMPORT_VISIBILITY = YES;
				SWIFT_VERSION = 5.0;
				TARGETED_DEVICE_FAMILY = "1,2";
				TEST_HOST = "$(BUILT_PRODUCTS_DIR)/Geko.app/$(BUNDLE_EXECUTABLE_FOLDER_PATH)/Geko";
			};
			name = Release;
		};
		54292F802E7E505E00F25100 /* Debug */ = {
			isa = XCBuildConfiguration;
			buildSettings = {
				CODE_SIGN_STYLE = Automatic;
				CURRENT_PROJECT_VERSION = 1;
				DEVELOPMENT_TEAM = 8U59Y7S3S4;
				GENERATE_INFOPLIST_FILE = YES;
				MARKETING_VERSION = 1.0;
				PRODUCT_BUNDLE_IDENTIFIER = com.littlepangolin.GekoUITests;
				PRODUCT_NAME = "$(TARGET_NAME)";
				STRING_CATALOG_GENERATE_SYMBOLS = NO;
				SWIFT_APPROACHABLE_CONCURRENCY = YES;
				SWIFT_EMIT_LOC_STRINGS = NO;
				SWIFT_UPCOMING_FEATURE_MEMBER_IMPORT_VISIBILITY = YES;
				SWIFT_VERSION = 5.0;
				TARGETED_DEVICE_FAMILY = "1,2";
				TEST_TARGET_NAME = Geko;
			};
			name = Debug;
		};
		54292F812E7E505E00F25100 /* Release */ = {
			isa = XCBuildConfiguration;
			buildSettings = {
				CODE_SIGN_STYLE = Automatic;
				CURRENT_PROJECT_VERSION = 1;
				DEVELOPMENT_TEAM = 8U59Y7S3S4;
				GENERATE_INFOPLIST_FILE = YES;
				MARKETING_VERSION = 1.0;
				PRODUCT_BUNDLE_IDENTIFIER = com.littlepangolin.GekoUITests;
				PRODUCT_NAME = "$(TARGET_NAME)";
				STRING_CATALOG_GENERATE_SYMBOLS = NO;
				SWIFT_APPROACHABLE_CONCURRENCY = YES;
				SWIFT_EMIT_LOC_STRINGS = NO;
				SWIFT_UPCOMING_FEATURE_MEMBER_IMPORT_VISIBILITY = YES;
				SWIFT_VERSION = 5.0;
				TARGETED_DEVICE_FAMILY = "1,2";
				TEST_TARGET_NAME = Geko;
			};
			name = Release;
		};
		54349E1C2E7F7C1C007F20B1 /* Debug */ = {
			isa = XCBuildConfiguration;
			buildSettings = {
				BUILD_LIBRARY_FOR_DISTRIBUTION = YES;
				CODE_SIGN_STYLE = Automatic;
				CURRENT_PROJECT_VERSION = 1;
				DEVELOPMENT_TEAM = 8U59Y7S3S4;
				DYLIB_COMPATIBILITY_VERSION = 1;
				DYLIB_CURRENT_VERSION = 1;
				DYLIB_INSTALL_NAME_BASE = "@rpath";
				ENABLE_MODULE_VERIFIER = YES;
				GENERATE_INFOPLIST_FILE = YES;
				INFOPLIST_KEY_NSHumanReadableCopyright = "";
				INSTALL_PATH = "$(LOCAL_LIBRARY_DIR)/Frameworks";
				IPHONEOS_DEPLOYMENT_TARGET = 18;
				LD_RUNPATH_SEARCH_PATHS = (
					"$(inherited)",
					"@executable_path/Frameworks",
					"@loader_path/Frameworks",
				);
				MARKETING_VERSION = 1.0;
				MODULE_VERIFIER_SUPPORTED_LANGUAGES = "objective-c objective-c++";
				MODULE_VERIFIER_SUPPORTED_LANGUAGE_STANDARDS = "gnu17 gnu++20";
				PRODUCT_BUNDLE_IDENTIFIER = com.littlepangolin.Geko.GekoShared;
				PRODUCT_NAME = "$(TARGET_NAME:c99extidentifier)";
				SKIP_INSTALL = YES;
				STRING_CATALOG_GENERATE_SYMBOLS = YES;
				SUPPORTED_PLATFORMS = "iphoneos iphonesimulator watchos watchsimulator";
				SUPPORTS_MACCATALYST = YES;
				SWIFT_APPROACHABLE_CONCURRENCY = YES;
				SWIFT_EMIT_LOC_STRINGS = YES;
				SWIFT_INSTALL_MODULE = YES;
				SWIFT_INSTALL_OBJC_HEADER = NO;
				SWIFT_UPCOMING_FEATURE_MEMBER_IMPORT_VISIBILITY = YES;
				SWIFT_VERSION = 5.0;
				TARGETED_DEVICE_FAMILY = "1,2,4";
				VERSIONING_SYSTEM = "apple-generic";
				VERSION_INFO_PREFIX = "";
			};
			name = Debug;
		};
		54349E1D2E7F7C1C007F20B1 /* Release */ = {
			isa = XCBuildConfiguration;
			buildSettings = {
				BUILD_LIBRARY_FOR_DISTRIBUTION = YES;
				CODE_SIGN_STYLE = Automatic;
				CURRENT_PROJECT_VERSION = 1;
				DEVELOPMENT_TEAM = 8U59Y7S3S4;
				DYLIB_COMPATIBILITY_VERSION = 1;
				DYLIB_CURRENT_VERSION = 1;
				DYLIB_INSTALL_NAME_BASE = "@rpath";
				ENABLE_MODULE_VERIFIER = YES;
				GENERATE_INFOPLIST_FILE = YES;
				INFOPLIST_KEY_NSHumanReadableCopyright = "";
				INSTALL_PATH = "$(LOCAL_LIBRARY_DIR)/Frameworks";
				IPHONEOS_DEPLOYMENT_TARGET = 18;
				LD_RUNPATH_SEARCH_PATHS = (
					"$(inherited)",
					"@executable_path/Frameworks",
					"@loader_path/Frameworks",
				);
				MARKETING_VERSION = 1.0;
				MODULE_VERIFIER_SUPPORTED_LANGUAGES = "objective-c objective-c++";
				MODULE_VERIFIER_SUPPORTED_LANGUAGE_STANDARDS = "gnu17 gnu++20";
				PRODUCT_BUNDLE_IDENTIFIER = com.littlepangolin.Geko.GekoShared;
				PRODUCT_NAME = "$(TARGET_NAME:c99extidentifier)";
				SKIP_INSTALL = YES;
				STRING_CATALOG_GENERATE_SYMBOLS = YES;
				SUPPORTED_PLATFORMS = "iphoneos iphonesimulator watchos watchsimulator";
				SUPPORTS_MACCATALYST = YES;
				SWIFT_APPROACHABLE_CONCURRENCY = YES;
				SWIFT_EMIT_LOC_STRINGS = YES;
				SWIFT_INSTALL_MODULE = YES;
				SWIFT_INSTALL_OBJC_HEADER = NO;
				SWIFT_UPCOMING_FEATURE_MEMBER_IMPORT_VISIBILITY = YES;
				SWIFT_VERSION = 5.0;
				TARGETED_DEVICE_FAMILY = "1,2,4";
				VERSIONING_SYSTEM = "apple-generic";
				VERSION_INFO_PREFIX = "";
			};
			name = Release;
		};
		54349E1E2E7F7C1C007F20B1 /* Debug */ = {
			isa = XCBuildConfiguration;
			buildSettings = {
				CODE_SIGN_STYLE = Automatic;
				CURRENT_PROJECT_VERSION = 1;
				DEVELOPMENT_TEAM = 8U59Y7S3S4;
				GENERATE_INFOPLIST_FILE = YES;
				MARKETING_VERSION = 1.0;
				PRODUCT_BUNDLE_IDENTIFIER = com.littlepangolin.Geko.GekoSharedTests;
				PRODUCT_NAME = "$(TARGET_NAME)";
				STRING_CATALOG_GENERATE_SYMBOLS = NO;
				SWIFT_APPROACHABLE_CONCURRENCY = YES;
				SWIFT_EMIT_LOC_STRINGS = NO;
				SWIFT_UPCOMING_FEATURE_MEMBER_IMPORT_VISIBILITY = YES;
				SWIFT_VERSION = 5.0;
				TARGETED_DEVICE_FAMILY = "1,2";
				TEST_HOST = "$(BUILT_PRODUCTS_DIR)/Geko.app/$(BUNDLE_EXECUTABLE_FOLDER_PATH)/Geko";
			};
			name = Debug;
		};
		54349E1F2E7F7C1C007F20B1 /* Release */ = {
			isa = XCBuildConfiguration;
			buildSettings = {
				CODE_SIGN_STYLE = Automatic;
				CURRENT_PROJECT_VERSION = 1;
				DEVELOPMENT_TEAM = 8U59Y7S3S4;
				GENERATE_INFOPLIST_FILE = YES;
				MARKETING_VERSION = 1.0;
				PRODUCT_BUNDLE_IDENTIFIER = com.littlepangolin.Geko.GekoSharedTests;
				PRODUCT_NAME = "$(TARGET_NAME)";
				STRING_CATALOG_GENERATE_SYMBOLS = NO;
				SWIFT_APPROACHABLE_CONCURRENCY = YES;
				SWIFT_EMIT_LOC_STRINGS = NO;
				SWIFT_UPCOMING_FEATURE_MEMBER_IMPORT_VISIBILITY = YES;
				SWIFT_VERSION = 5.0;
				TARGETED_DEVICE_FAMILY = "1,2";
				TEST_HOST = "$(BUILT_PRODUCTS_DIR)/Geko.app/$(BUNDLE_EXECUTABLE_FOLDER_PATH)/Geko";
			};
			name = Release;
		};
		546BE6F02E7FC54B004732F5 /* Debug */ = {
			isa = XCBuildConfiguration;
			buildSettings = {
				ASSETCATALOG_COMPILER_APPICON_NAME = AppIcon;
				ASSETCATALOG_COMPILER_GLOBAL_ACCENT_COLOR_NAME = AccentColor;
				CODE_SIGN_ENTITLEMENTS = GekoWatch/WatchEntitlements.entitlements;
				CODE_SIGN_STYLE = Automatic;
				CURRENT_PROJECT_VERSION = 1;
				DEVELOPMENT_TEAM = 8U59Y7S3S4;
				ENABLE_PREVIEWS = YES;
				FRAMEWORK_SEARCH_PATHS = "$(BUILT_PRODUCTS_DIR)";
				GENERATE_INFOPLIST_FILE = YES;
				INFOPLIST_FILE = GekoWatch/Info.plist;
				INFOPLIST_KEY_CFBundleDisplayName = GekoWatch;
				INFOPLIST_KEY_UIBackgroundModes = "remote-notification";
				INFOPLIST_KEY_UISupportedInterfaceOrientations = "UIInterfaceOrientationPortrait UIInterfaceOrientationPortraitUpsideDown";
				INFOPLIST_KEY_WKCompanionAppBundleIdentifier = com.littlepangolin.Geko;
				LD_RUNPATH_SEARCH_PATHS = (
					"$(inherited)",
					"@executable_path/Frameworks",
				);
				MARKETING_VERSION = 1.0;
				PRODUCT_BUNDLE_IDENTIFIER = com.littlepangolin.Geko.watchkitapp;
				PRODUCT_NAME = "$(TARGET_NAME)";
				SDKROOT = watchos;
				SKIP_INSTALL = YES;
				STRING_CATALOG_GENERATE_SYMBOLS = YES;
				SWIFT_APPROACHABLE_CONCURRENCY = YES;
				SWIFT_DEFAULT_ACTOR_ISOLATION = MainActor;
				SWIFT_EMIT_LOC_STRINGS = YES;
				SWIFT_UPCOMING_FEATURE_MEMBER_IMPORT_VISIBILITY = YES;
				SWIFT_VERSION = 5.0;
				TARGETED_DEVICE_FAMILY = 4;
				WATCHOS_DEPLOYMENT_TARGET = 26.0;
			};
			name = Debug;
		};
		546BE6F12E7FC54B004732F5 /* Release */ = {
			isa = XCBuildConfiguration;
			buildSettings = {
				ASSETCATALOG_COMPILER_APPICON_NAME = AppIcon;
				ASSETCATALOG_COMPILER_GLOBAL_ACCENT_COLOR_NAME = AccentColor;
				CODE_SIGN_ENTITLEMENTS = GekoWatch/WatchEntitlements.entitlements;
				CODE_SIGN_STYLE = Automatic;
				CURRENT_PROJECT_VERSION = 1;
				DEVELOPMENT_TEAM = 8U59Y7S3S4;
				ENABLE_PREVIEWS = YES;
				FRAMEWORK_SEARCH_PATHS = "$(BUILT_PRODUCTS_DIR)";
				GENERATE_INFOPLIST_FILE = YES;
				INFOPLIST_FILE = GekoWatch/Info.plist;
				INFOPLIST_KEY_CFBundleDisplayName = GekoWatch;
				INFOPLIST_KEY_UIBackgroundModes = "remote-notification";
				INFOPLIST_KEY_UISupportedInterfaceOrientations = "UIInterfaceOrientationPortrait UIInterfaceOrientationPortraitUpsideDown";
				INFOPLIST_KEY_WKCompanionAppBundleIdentifier = com.littlepangolin.Geko;
				LD_RUNPATH_SEARCH_PATHS = (
					"$(inherited)",
					"@executable_path/Frameworks",
				);
				MARKETING_VERSION = 1.0;
				PRODUCT_BUNDLE_IDENTIFIER = com.littlepangolin.Geko.watchkitapp;
				PRODUCT_NAME = "$(TARGET_NAME)";
				SDKROOT = watchos;
				SKIP_INSTALL = YES;
				STRING_CATALOG_GENERATE_SYMBOLS = YES;
				SWIFT_APPROACHABLE_CONCURRENCY = YES;
				SWIFT_DEFAULT_ACTOR_ISOLATION = MainActor;
				SWIFT_EMIT_LOC_STRINGS = YES;
				SWIFT_UPCOMING_FEATURE_MEMBER_IMPORT_VISIBILITY = YES;
				SWIFT_VERSION = 5.0;
				TARGETED_DEVICE_FAMILY = 4;
				WATCHOS_DEPLOYMENT_TARGET = 26.0;
			};
			name = Release;
		};
		54F65C382E7F8654001A17F7 /* Debug */ = {
			isa = XCBuildConfiguration;
			buildSettings = {
				ASSETCATALOG_COMPILER_GLOBAL_ACCENT_COLOR_NAME = AccentColor;
				ASSETCATALOG_COMPILER_WIDGET_BACKGROUND_COLOR_NAME = WidgetBackground;
				CODE_SIGN_ENTITLEMENTS = GekoWidgets/GekoWidgets.entitlements;
				CODE_SIGN_STYLE = Automatic;
				CURRENT_PROJECT_VERSION = 1;
				DEVELOPMENT_TEAM = 8U59Y7S3S4;
				GENERATE_INFOPLIST_FILE = YES;
				INFOPLIST_FILE = GekoWidgets/Info.plist;
				INFOPLIST_KEY_CFBundleDisplayName = GekoWidgets;
				INFOPLIST_KEY_NSHumanReadableCopyright = "";
				IPHONEOS_DEPLOYMENT_TARGET = 18.5;
				LD_RUNPATH_SEARCH_PATHS = (
					"$(inherited)",
					"@executable_path/Frameworks",
					"@executable_path/../../Frameworks",
				);
				MARKETING_VERSION = 1.0;
				PRODUCT_BUNDLE_IDENTIFIER = com.littlepangolin.Geko.GekoWidgets;
				PRODUCT_NAME = "$(TARGET_NAME)";
				SKIP_INSTALL = YES;
				SUPPORTED_PLATFORMS = "iphoneos iphonesimulator";
				SUPPORTS_MACCATALYST = NO;
				SWIFT_EMIT_LOC_STRINGS = YES;
				SWIFT_VERSION = 5.0;
				TARGETED_DEVICE_FAMILY = "1,2";
			};
			name = Debug;
		};
		54F65C392E7F8654001A17F7 /* Release */ = {
			isa = XCBuildConfiguration;
			buildSettings = {
				ASSETCATALOG_COMPILER_GLOBAL_ACCENT_COLOR_NAME = AccentColor;
				ASSETCATALOG_COMPILER_WIDGET_BACKGROUND_COLOR_NAME = WidgetBackground;
				CODE_SIGN_ENTITLEMENTS = GekoWidgets/GekoWidgetsExtension.entitlements;
				CODE_SIGN_STYLE = Automatic;
				CURRENT_PROJECT_VERSION = 1;
				DEVELOPMENT_TEAM = 8U59Y7S3S4;
				GENERATE_INFOPLIST_FILE = YES;
				INFOPLIST_FILE = GekoWidgets/Info.plist;
				INFOPLIST_KEY_CFBundleDisplayName = GekoWidgets;
				INFOPLIST_KEY_NSHumanReadableCopyright = "";
				IPHONEOS_DEPLOYMENT_TARGET = 18.5;
				LD_RUNPATH_SEARCH_PATHS = (
					"$(inherited)",
					"@executable_path/Frameworks",
					"@executable_path/../../Frameworks",
				);
				MARKETING_VERSION = 1.0;
				PRODUCT_BUNDLE_IDENTIFIER = com.littlepangolin.Geko.GekoWidgets;
				PRODUCT_NAME = "$(TARGET_NAME)";
				SKIP_INSTALL = YES;
				SUPPORTED_PLATFORMS = "iphoneos iphonesimulator";
				SUPPORTS_MACCATALYST = NO;
				SWIFT_EMIT_LOC_STRINGS = YES;
				SWIFT_VERSION = 5.0;
				TARGETED_DEVICE_FAMILY = "1,2";
			};
			name = Release;
		};
/* End XCBuildConfiguration section */

/* Begin XCConfigurationList section */
		54292F532E7E505D00F25100 /* Build configuration list for PBXProject "Geko" */ = {
			isa = XCConfigurationList;
			buildConfigurations = (
				54292F772E7E505E00F25100 /* Debug */,
				54292F782E7E505E00F25100 /* Release */,
			);
			defaultConfigurationIsVisible = 0;
			defaultConfigurationName = Release;
		};
		54292F792E7E505E00F25100 /* Build configuration list for PBXNativeTarget "Geko" */ = {
			isa = XCConfigurationList;
			buildConfigurations = (
				54292F7A2E7E505E00F25100 /* Debug */,
				54292F7B2E7E505E00F25100 /* Release */,
			);
			defaultConfigurationIsVisible = 0;
			defaultConfigurationName = Release;
		};
		54292F7C2E7E505E00F25100 /* Build configuration list for PBXNativeTarget "GekoTests" */ = {
			isa = XCConfigurationList;
			buildConfigurations = (
				54292F7D2E7E505E00F25100 /* Debug */,
				54292F7E2E7E505E00F25100 /* Release */,
			);
			defaultConfigurationIsVisible = 0;
			defaultConfigurationName = Release;
		};
		54292F7F2E7E505E00F25100 /* Build configuration list for PBXNativeTarget "GekoUITests" */ = {
			isa = XCConfigurationList;
			buildConfigurations = (
				54292F802E7E505E00F25100 /* Debug */,
				54292F812E7E505E00F25100 /* Release */,
			);
			defaultConfigurationIsVisible = 0;
			defaultConfigurationName = Release;
		};
		54349E202E7F7C1C007F20B1 /* Build configuration list for PBXNativeTarget "GekoShared" */ = {
			isa = XCConfigurationList;
			buildConfigurations = (
				54349E1C2E7F7C1C007F20B1 /* Debug */,
				54349E1D2E7F7C1C007F20B1 /* Release */,
			);
			defaultConfigurationIsVisible = 0;
			defaultConfigurationName = Release;
		};
		54349E212E7F7C1C007F20B1 /* Build configuration list for PBXNativeTarget "GekoSharedTests" */ = {
			isa = XCConfigurationList;
			buildConfigurations = (
				54349E1E2E7F7C1C007F20B1 /* Debug */,
				54349E1F2E7F7C1C007F20B1 /* Release */,
			);
			defaultConfigurationIsVisible = 0;
			defaultConfigurationName = Release;
		};
		546BE6EF2E7FC54B004732F5 /* Build configuration list for PBXNativeTarget "GekoWatch" */ = {
			isa = XCConfigurationList;
			buildConfigurations = (
				546BE6F02E7FC54B004732F5 /* Debug */,
				546BE6F12E7FC54B004732F5 /* Release */,
			);
			defaultConfigurationIsVisible = 0;
			defaultConfigurationName = Release;
		};
		54F65C3B2E7F8654001A17F7 /* Build configuration list for PBXNativeTarget "GekoWidgets" */ = {
			isa = XCConfigurationList;
			buildConfigurations = (
				54F65C382E7F8654001A17F7 /* Debug */,
				54F65C392E7F8654001A17F7 /* Release */,
			);
			defaultConfigurationIsVisible = 0;
			defaultConfigurationName = Release;
		};
/* End XCConfigurationList section */
	};
	rootObject = 54292F502E7E505D00F25100 /* Project object */;
}
